
Microsoft Visual Studio Solution File, Format Version 12.00
# Visual Studio Version 16
VisualStudioVersion = 16.0.30804.86
MinimumVisualStudioVersion = 10.0.40219.1
Project("{FAE04EC0-301F-11D3-BF4B-00C04F79EFBC}") = "prime-number-checker", "prime-number-checker.csproj", "{C0477A8D-6ACC-4001-A909-83B7F8D59AA9}"
EndProject
Global
	GlobalSection(SolutionConfigurationPlatforms) = preSolution
		Debug|Any CPU = Debug|Any CPU
		Release|Any CPU = Release|Any CPU
	EndGlobalSection
	GlobalSection(ProjectConfigurationPlatforms) = postSolution
		{C0477A8D-6ACC-4001-A909-83B7F8D59AA9}.Debug|Any CPU.ActiveCfg = Debug|Any CPU
		{C0477A8D-6ACC-4001-A909-83B7F8D59AA9}.Debug|Any CPU.Build.0 = Debug|Any CPU
		{C0477A8D-6ACC-4001-A909-83B7F8D59AA9}.Release|Any CPU.ActiveCfg = Release|Any CPU
		{C0477A8D-6ACC-4001-A909-83B7F8D59AA9}.Release|Any CPU.Build.0 = Release|Any CPU
	EndGlobalSection
	GlobalSection(SolutionProperties) = preSolution
		HideSolutionNode = FALSE
	EndGlobalSection
	GlobalSection(ExtensibilityGlobals) = postSolution
		SolutionGuid = {EEAF7D39-86D4-4F53-B3F2-389BA80C0152}
	EndGlobalSection
EndGlobal
